// !$*UTF8*$!
{
	archiveVersion = 1;
	classes = {
	};
	objectVersion = 46;
	objects = {

/* Begin PBXBuildFile section */
		FAABC7911F5E08C900622665 /* AppDelegate.swift in Sources */ = {isa = PBXBuildFile; fileRef = FAABC7901F5E08C900622665 /* AppDelegate.swift */; };
		FAABC7931F5E08C900622665 /* ViewController.swift in Sources */ = {isa = PBXBuildFile; fileRef = FAABC7921F5E08C900622665 /* ViewController.swift */; };
		FAABC7961F5E08C900622665 /* Main.storyboard in Resources */ = {isa = PBXBuildFile; fileRef = FAABC7941F5E08C900622665 /* Main.storyboard */; };
		FAABC7981F5E08C900622665 /* Assets.xcassets in Resources */ = {isa = PBXBuildFile; fileRef = FAABC7971F5E08C900622665 /* Assets.xcassets */; };
		FAABC79B1F5E08C900622665 /* LaunchScreen.storyboard in Resources */ = {isa = PBXBuildFile; fileRef = FAABC7991F5E08C900622665 /* LaunchScreen.storyboard */; };
		FAABC7A31F5E0F9100622665 /* Course.swift in Sources */ = {isa = PBXBuildFile; fileRef = FAABC7A21F5E0F9100622665 /* Course.swift */; };
		FAABC7A51F5E112600622665 /* MyCourseData.swift in Sources */ = {isa = PBXBuildFile; fileRef = FAABC7A41F5E112600622665 /* MyCourseData.swift */; };
/* End PBXBuildFile section */

/* Begin PBXFileReference section */
		FAABC78D1F5E08C900622665 /* Schedule.app */ = {isa = PBXFileReference; explicitFileType = wrapper.application; includeInIndex = 0; path = Schedule.app; sourceTree = BUILT_PRODUCTS_DIR; };
		FAABC7901F5E08C900622665 /* AppDelegate.swift */ = {isa = PBXFileReference; lastKnownFileType = sourcecode.swift; path = AppDelegate.swift; sourceTree = "<group>"; };
		FAABC7921F5E08C900622665 /* ViewController.swift */ = {isa = PBXFileReference; lastKnownFileType = sourcecode.swift; path = ViewController.swift; sourceTree = "<group>"; };
		FAABC7951F5E08C900622665 /* Base */ = {isa = PBXFileReference; lastKnownFileType = file.storyboard; name = Base; path = Base.lproj/Main.storyboard; sourceTree = "<group>"; };
		FAABC7971F5E08C900622665 /* Assets.xcassets */ = {isa = PBXFileReference; lastKnownFileType = folder.assetcatalog; path = Assets.xcassets; sourceTree = "<group>"; };
		FAABC79A1F5E08C900622665 /* Base */ = {isa = PBXFileReference; lastKnownFileType = file.storyboard; name = Base; path = Base.lproj/LaunchScreen.storyboard; sourceTree = "<group>"; };
		FAABC79C1F5E08C900622665 /* Info.plist */ = {isa = PBXFileReference; lastKnownFileType = text.plist.xml; path = Info.plist; sourceTree = "<group>"; };
		FAABC7A21F5E0F9100622665 /* Course.swift */ = {isa = PBXFileReference; fileEncoding = 4; lastKnownFileType = sourcecode.swift; path = Course.swift; sourceTree = "<group>"; };
		FAABC7A41F5E112600622665 /* MyCourseData.swift */ = {isa = PBXFileReference; fileEncoding = 4; lastKnownFileType = sourcecode.swift; path = MyCourseData.swift; sourceTree = "<group>"; };
/* End PBXFileReference section */

/* Begin PBXFrameworksBuildPhase section */
		FAABC78A1F5E08C900622665 /* Frameworks */ = {
			isa = PBXFrameworksBuildPhase;
			buildActionMask = 2147483647;
			files = (
			);
			runOnlyForDeploymentPostprocessing = 0;
		};
/* End PBXFrameworksBuildPhase section */

/* Begin PBXGroup section */
		FAABC7841F5E08C900622665 = {
			isa = PBXGroup;
			children = (
				FAABC78F1F5E08C900622665 /* Schedule */,
				FAABC78E1F5E08C900622665 /* Products */,
			);
			sourceTree = "<group>";
		};
		FAABC78E1F5E08C900622665 /* Products */ = {
			isa = PBXGroup;
			children = (
				FAABC78D1F5E08C900622665 /* Schedule.app */,
			);
			name = Products;
			sourceTree = "<group>";
		};
		FAABC78F1F5E08C900622665 /* Schedule */ = {
			isa = PBXGroup;
			children = (
				FAABC7901F5E08C900622665 /* AppDelegate.swift */,
				FAABC7921F5E08C900622665 /* ViewController.swift */,
				FAABC7A21F5E0F9100622665 /* Course.swift */,
				FAABC7A41F5E112600622665 /* MyCourseData.swift */,
				FAABC7941F5E08C900622665 /* Main.storyboard */,
				FAABC7971F5E08C900622665 /* Assets.xcassets */,
				FAABC7991F5E08C900622665 /* LaunchScreen.storyboard */,
				FAABC79C1F5E08C900622665 /* Info.plist */,
			);
			path = Schedule;
			sourceTree = "<group>";
		};
/* End PBXGroup section */

/* Begin PBXNativeTarget section */
		FAABC78C1F5E08C900622665 /* Schedule */ = {
			isa = PBXNativeTarget;
			buildConfigurationList = FAABC79F1F5E08C900622665 /* Build configuration list for PBXNativeTarget "Schedule" */;
			buildPhases = (
				FAABC7891F5E08C900622665 /* Sources */,
				FAABC78A1F5E08C900622665 /* Frameworks */,
				FAABC78B1F5E08C900622665 /* Resources */,
			);
			buildRules = (
			);
			dependencies = (
			);
			name = Schedule;
			productName = Schedule;
			productReference = FAABC78D1F5E08C900622665 /* Schedule.app */;
			productType = "com.apple.product-type.application";
		};
/* End PBXNativeTarget section */

/* Begin PBXProject section */
		FAABC7851F5E08C900622665 /* Project object */ = {
			isa = PBXProject;
			attributes = {
				LastSwiftUpdateCheck = 0830;
				LastUpgradeCheck = 0830;
				ORGANIZATIONNAME = Alex;
				TargetAttributes = {
					FAABC78C1F5E08C900622665 = {
						CreatedOnToolsVersion = 8.3.3;
						DevelopmentTeam = 8ES66X8FF8;
						ProvisioningStyle = Automatic;
					};
				};
			};
			buildConfigurationList = FAABC7881F5E08C900622665 /* Build configuration list for PBXProject "Schedule" */;
			compatibilityVersion = "Xcode 3.2";
			developmentRegion = English;
			hasScannedForEncodings = 0;
			knownRegions = (
				en,
				Base,
			);
			mainGroup = FAABC7841F5E08C900622665;
			productRefGroup = FAABC78E1F5E08C900622665 /* Products */;
			projectDirPath = "";
			projectRoot = "";
			targets = (
				FAABC78C1F5E08C900622665 /* Schedule */,
			);
		};
/* End PBXProject section */

/* Begin PBXResourcesBuildPhase section */
		FAABC78B1F5E08C900622665 /* Resources */ = {
			isa = PBXResourcesBuildPhase;
			buildActionMask = 2147483647;
			files = (
				FAABC79B1F5E08C900622665 /* LaunchScreen.storyboard in Resources */,
				FAABC7981F5E08C900622665 /* Assets.xcassets in Resources */,
				FAABC7961F5E08C900622665 /* Main.storyboard in Resources */,
			);
			runOnlyForDeploymentPostprocessing = 0;
		};
/* End PBXResourcesBuildPhase section */

/* Begin PBXSourcesBuildPhase section */
		FAABC7891F5E08C900622665 /* Sources */ = {
			isa = PBXSourcesBuildPhase;
			buildActionMask = 2147483647;
			files = (
				FAABC7A31F5E0F9100622665 /* Course.swift in Sources */,
				FAABC7931F5E08C900622665 /* ViewController.swift in Sources */,
				FAABC7A51F5E112600622665 /* MyCourseData.swift in Sources */,
				FAABC7911F5E08C900622665 /* AppDelegate.swift in Sources */,
			);
			runOnlyForDeploymentPostprocessing = 0;
		};
/* End PBXSourcesBuildPhase section */

/* Begin PBXVariantGroup section */
		FAABC7941F5E08C900622665 /* Main.storyboard */ = {
			isa = PBXVariantGroup;
			children = (
				FAABC7951F5E08C900622665 /* Base */,
			);
			name = Main.storyboard;
			sourceTree = "<group>";
		};
		FAABC7991F5E08C900622665 /* LaunchScreen.storyboard */ = {
			isa = PBXVariantGroup;
			children = (
				FAABC79A1F5E08C900622665 /* Base */,
			);
			name = LaunchScreen.storyboard;
			sourceTree = "<group>";
		};
/* End PBXVariantGroup section */

/* Begin XCBuildConfiguration section */
		FAABC79D1F5E08C900622665 /* Debug */ = {
			isa = XCBuildConfiguration;
			buildSettings = {
				ALWAYS_SEARCH_USER_PATHS = NO;
				CLANG_ANALYZER_NONNULL = YES;
				CLANG_ANALYZER_NUMBER_OBJECT_CONVERSION = YES_AGGRESSIVE;
				CLANG_CXX_LANGUAGE_STANDARD = "gnu++0x";
				CLANG_CXX_LIBRARY = "libc++";
				CLANG_ENABLE_MODULES = YES;
				CLANG_ENABLE_OBJC_ARC = YES;
				CLANG_WARN_BOOL_CONVERSION = YES;
				CLANG_WARN_CONSTANT_CONVERSION = YES;
				CLANG_WARN_DIRECT_OBJC_ISA_USAGE = YES_ERROR;
				CLANG_WARN_DOCUMENTATION_COMMENTS = YES;
				CLANG_WARN_EMPTY_BODY = YES;
				CLANG_WARN_ENUM_CONVERSION = YES;
				CLANG_WARN_INFINITE_RECURSION = YES;
				CLANG_WARN_INT_CONVERSION = YES;
				CLANG_WARN_OBJC_ROOT_CLASS = YES_ERROR;
				CLANG_WARN_SUSPICIOUS_MOVE = YES;
				CLANG_WARN_UNREACHABLE_CODE = YES;
				CLANG_WARN__DUPLICATE_METHOD_MATCH = YES;
				"CODE_SIGN_IDENTITY[sdk=iphoneos*]" = "iPhone Developer";
				COPY_PHASE_STRIP = NO;
				DEBUG_INFORMATION_FORMAT = dwarf;
				ENABLE_STRICT_OBJC_MSGSEND = YES;
				ENABLE_TESTABILITY = YES;
				GCC_C_LANGUAGE_STANDARD = gnu99;
				GCC_DYNAMIC_NO_PIC = NO;
				GCC_NO_COMMON_BLOCKS = YES;
				GCC_OPTIMIZATION_LEVEL = 0;
				GCC_PREPROCESSOR_DEFINITIONS = (
					"DEBUG=1",
					"$(inherited)",
				);
				GCC_WARN_64_TO_32_BIT_CONVERSION = YES;
				GCC_WARN_ABOUT_RETURN_TYPE = YES_ERROR;
				GCC_WARN_UNDECLARED_SELECTOR = YES;
				GCC_WARN_UNINITIALIZED_AUTOS = YES_AGGRESSIVE;
				GCC_WARN_UNUSED_FUNCTION = YES;
				GCC_WARN_UNUSED_VARIABLE = YES;
				IPHONEOS_DEPLOYMENT_TARGET = 10.3;
				MTL_ENABLE_DEBUG_INFO = YES;
				ONLY_ACTIVE_ARCH = YES;
				SDKROOT = iphoneos;
				SWIFT_ACTIVE_COMPILATION_CONDITIONS = DEBUG;
				SWIFT_OPTIMIZATION_LEVEL = "-Onone";
				TARGETED_DEVICE_FAMILY = "1,2";
			};
			name = Debug;
		};
		FAABC79E1F5E08C900622665 /* Release */ = {
			isa = XCBuildConfiguration;
			buildSettings = {
				ALWAYS_SEARCH_USER_PATHS = NO;
				CLANG_ANALYZER_NONNULL = YES;
				CLANG_ANALYZER_NUMBER_OBJECT_CONVERSION = YES_AGGRESSIVE;
				CLANG_CXX_LANGUAGE_STANDARD = "gnu++0x";
				CLANG_CXX_LIBRARY = "libc++";
				CLANG_ENABLE_MODULES = YES;
				CLANG_ENABLE_OBJC_ARC = YES;
				CLANG_WARN_BOOL_CONVERSION = YES;
				CLANG_WARN_CONSTANT_CONVERSION = YES;
				CLANG_WARN_DIRECT_OBJC_ISA_USAGE = YES_ERROR;
				CLANG_WARN_DOCUMENTATION_COMMENTS = YES;
				CLANG_WARN_EMPTY_BODY = YES;
				CLANG_WARN_ENUM_CONVERSION = YES;
				CLANG_WARN_INFINITE_RECURSION = YES;
				CLANG_WARN_INT_CONVERSION = YES;
				CLANG_WARN_OBJC_ROOT_CLASS = YES_ERROR;
				CLANG_WARN_SUSPICIOUS_MOVE = YES;
				CLANG_WARN_UNREACHABLE_CODE = YES;
				CLANG_WARN__DUPLICATE_METHOD_MATCH = YES;
				"CODE_SIGN_IDENTITY[sdk=iphoneos*]" = "iPhone Developer";
				COPY_PHASE_STRIP = NO;
				DEBUG_INFORMATION_FORMAT = "dwarf-with-dsym";
				ENABLE_NS_ASSERTIONS = NO;
				ENABLE_STRICT_OBJC_MSGSEND = YES;
				GCC_C_LANGUAGE_STANDARD = gnu99;
				GCC_NO_COMMON_BLOCKS = YES;
				GCC_WARN_64_TO_32_BIT_CONVERSION = YES;
				GCC_WARN_ABOUT_RETURN_TYPE = YES_ERROR;
				GCC_WARN_UNDECLARED_SELECTOR = YES;
				GCC_WARN_UNINITIALIZED_AUTOS = YES_AGGRESSIVE;
				GCC_WARN_UNUSED_FUNCTION = YES;
				GCC_WARN_UNUSED_VARIABLE = YES;
				IPHONEOS_DEPLOYMENT_TARGET = 10.3;
				MTL_ENABLE_DEBUG_INFO = NO;
				SDKROOT = iphoneos;
				SWIFT_OPTIMIZATION_LEVEL = "-Owholemodule";
				TARGETED_DEVICE_FAMILY = "1,2";
				VALIDATE_PRODUCT = YES;
			};
			name = Release;
		};
		FAABC7A01F5E08C900622665 /* Debug */ = {
			isa = XCBuildConfiguration;
			buildSettings = {
				ASSETCATALOG_COMPILER_APPICON_NAME = AppIcon;
				DEVELOPMENT_TEAM = 8ES66X8FF8;
				INFOPLIST_FILE = Schedule/Info.plist;
				LD_RUNPATH_SEARCH_PATHS = "$(inherited) @executable_path/Frameworks";
				PRODUCT_BUNDLE_IDENTIFIER = com.innovatellc.Schedule;
				PRODUCT_NAME = "$(TARGET_NAME)";
				SWIFT_VERSION = 3.0;
			};
			name = Debug;
		};
		FAABC7A11F5E08C900622665 /* Release */ = {
			isa = XCBuildConfiguration;
			buildSettings = {
				ASSETCATALOG_COMPILER_APPICON_NAME = AppIcon;
				DEVELOPMENT_TEAM = 8ES66X8FF8;
				INFOPLIST_FILE = Schedule/Info.plist;
				LD_RUNPATH_SEARCH_PATHS = "$(inherited) @executable_path/Frameworks";
				PRODUCT_BUNDLE_IDENTIFIER = com.innovatellc.Schedule;
				PRODUCT_NAME = "$(TARGET_NAME)";
				SWIFT_VERSION = 3.0;
			};
			name = Release;
		};
/* End XCBuildConfiguration section */

/* Begin XCConfigurationList section */
		FAABC7881F5E08C900622665 /* Build configuration list for PBXProject "Schedule" */ = {
			isa = XCConfigurationList;
			buildConfigurations = (
				FAABC79D1F5E08C900622665 /* Debug */,
				FAABC79E1F5E08C900622665 /* Release */,
			);
			defaultConfigurationIsVisible = 0;
			defaultConfigurationName = Release;
		};
		FAABC79F1F5E08C900622665 /* Build configuration list for PBXNativeTarget "Schedule" */ = {
			isa = XCConfigurationList;
			buildConfigurations = (
				FAABC7A01F5E08C900622665 /* Debug */,
				FAABC7A11F5E08C900622665 /* Release */,
			);
			defaultConfigurationIsVisible = 0;
		};
/* End XCConfigurationList section */
	};
	rootObject = FAABC7851F5E08C900622665 /* Project object */;
}
